# This file is automatically @generated by Cargo.
# It is not intended for manual editing.
[[package]]
name = "coarsetime"
version = "0.1.10"
source = "registry+https://github.com/rust-lang/crates.io-index"
dependencies = [
 "lazy_static 1.3.0 (registry+https://github.com/rust-lang/crates.io-index)",
 "libc 0.2.51 (registry+https://github.com/rust-lang/crates.io-index)",
]

[[package]]
name = "lazy_static"
version = "1.3.0"
source = "registry+https://github.com/rust-lang/crates.io-index"

[[package]]
name = "libc"
version = "0.2.51"
source = "registry+https://github.com/rust-lang/crates.io-index"

[[package]]
name = "numerical_methods_rust"
version = "1.0.0"
dependencies = [
 "coarsetime 0.1.10 (registry+https://github.com/rust-lang/crates.io-index)",
]

[metadata]
"checksum coarsetime 0.1.10 (registry+https://github.com/rust-lang/crates.io-index)" = "ac40833eaf183b26fd480096aea666bf7867f4c8a70ae804ea1633155c1f3707"
"checksum lazy_static 1.3.0 (registry+https://github.com/rust-lang/crates.io-index)" = "bc5729f27f159ddd61f4df6228e827e86643d4d3e7c32183cb30a1c08f604a14"
"checksum libc 0.2.51 (registry+https://github.com/rust-lang/crates.io-index)" = "bedcc7a809076656486ffe045abeeac163da1b558e963a31e29fbfbeba916917"
